{
    "_meta": {
        "hash": {
            "sha256": "4fe37738bf1f2d8b76c5b88c0158690bfaa4190f2df632cdce4ccaeb6e9f9cdf"
        },
        "pipfile-spec": 6,
        "requires": {
            "python_version": "3.14"
        },
        "sources": [
            {
                "name": "pypi",
                "url": "https://pypi.org/simple",
                "verify_ssl": true
            }
        ]
    },
    "default": {
        "build": "*",
        "clang": "*",
        "hawkmoth": "*",
        "libclang": "*",
        "matplotlib": "3.10.8",
        "numpy": "2.4.2",
        "pandas": "3.0.1",
        "pillow": "12.1.1",
        "pyserial": "3.5",
        "ruff": "*",
        "scipy": "1.17.0",
        "sphinx": "9.1.0",
        "twine": "*",
        "x.phs1903": {
            "editable": true,
            "file": "."
        }
    },
    "develop": {}
}
