{
    "_meta": {
        "hash": {
            "sha256": "862e7211f7b52bf600cdf0c8e2c6c61c648c5d2e8b3cf57cf8c4e8f55289bc82"
        },
        "pipfile-spec": 6,
        "requires": {
            "python_version": "3.14"
        },
        "sources": [
            {
                "name": "pypi",
                "url": "https://pypi.org/simple",
                "verify_ssl": true
            }
        ]
    },
    "default": {
        "matplotlib": "*",
        "numpy": "*",
        "pandas": "*",
        "pyserial": "*",
        "scipy": "*"
    },
    "develop": {},
    "docs": {},
    "tests": {}
}
